
Microsoft Visual Studio Solution File, Format Version 12.00
# Visual Studio 2013
VisualStudioVersion = 12.0.30723.0
MinimumVisualStudioVersion = 10.0.40219.1
Project("{FAE04EC0-301F-11D3-BF4B-00C04F79EFBC}") = "PluralsightCourses.Android", "PluralsightCourses.Android\PluralsightCourses.Android.csproj", "{B95AC925-2192-4D9A-9BFF-4C159B7CA490}"
EndProject
Project("{FAE04EC0-301F-11D3-BF4B-00C04F79EFBC}") = "PluralsightCourses.iOS", "PluralsightCourses.iOS\PluralsightCourses.iOS.csproj", "{505DA4A5-BE69-4195-8F2C-2A7BFDB34721}"
EndProject
Global
	GlobalSection(SolutionConfigurationPlatforms) = preSolution
		Ad-Hoc|Any CPU = Ad-Hoc|Any CPU
		Ad-Hoc|iPhone = Ad-Hoc|iPhone
		Ad-Hoc|iPhoneSimulator = Ad-Hoc|iPhoneSimulator
		Ad-Hoc|Mixed Platforms = Ad-Hoc|Mixed Platforms
		AppStore|Any CPU = AppStore|Any CPU
		AppStore|iPhone = AppStore|iPhone
		AppStore|iPhoneSimulator = AppStore|iPhoneSimulator
		AppStore|Mixed Platforms = AppStore|Mixed Platforms
		Debug|Any CPU = Debug|Any CPU
		Debug|iPhone = Debug|iPhone
		Debug|iPhoneSimulator = Debug|iPhoneSimulator
		Debug|Mixed Platforms = Debug|Mixed Platforms
		Release|Any CPU = Release|Any CPU
		Release|iPhone = Release|iPhone
		Release|iPhoneSimulator = Release|iPhoneSimulator
		Release|Mixed Platforms = Release|Mixed Platforms
	EndGlobalSection
	GlobalSection(ProjectConfigurationPlatforms) = postSolution
		{B95AC925-2192-4D9A-9BFF-4C159B7CA490}.Ad-Hoc|Any CPU.ActiveCfg = Release|Any CPU
		{B95AC925-2192-4D9A-9BFF-4C159B7CA490}.Ad-Hoc|Any CPU.Build.0 = Release|Any CPU
		{B95AC925-2192-4D9A-9BFF-4C159B7CA490}.Ad-Hoc|Any CPU.Deploy.0 = Release|Any CPU
		{B95AC925-2192-4D9A-9BFF-4C159B7CA490}.Ad-Hoc|iPhone.ActiveCfg = Release|Any CPU
		{B95AC925-2192-4D9A-9BFF-4C159B7CA490}.Ad-Hoc|iPhoneSimulator.ActiveCfg = Release|Any CPU
		{B95AC925-2192-4D9A-9BFF-4C159B7CA490}.Ad-Hoc|Mixed Platforms.ActiveCfg = Release|Any CPU
		{B95AC925-2192-4D9A-9BFF-4C159B7CA490}.Ad-Hoc|Mixed Platforms.Build.0 = Release|Any CPU
		{B95AC925-2192-4D9A-9BFF-4C159B7CA490}.Ad-Hoc|Mixed Platforms.Deploy.0 = Release|Any CPU
		{B95AC925-2192-4D9A-9BFF-4C159B7CA490}.AppStore|Any CPU.ActiveCfg = Release|Any CPU
		{B95AC925-2192-4D9A-9BFF-4C159B7CA490}.AppStore|Any CPU.Build.0 = Release|Any CPU
		{B95AC925-2192-4D9A-9BFF-4C159B7CA490}.AppStore|Any CPU.Deploy.0 = Release|Any CPU
		{B95AC925-2192-4D9A-9BFF-4C159B7CA490}.AppStore|iPhone.ActiveCfg = Release|Any CPU
		{B95AC925-2192-4D9A-9BFF-4C159B7CA490}.AppStore|iPhoneSimulator.ActiveCfg = Release|Any CPU
		{B95AC925-2192-4D9A-9BFF-4C159B7CA490}.AppStore|Mixed Platforms.ActiveCfg = Release|Any CPU
		{B95AC925-2192-4D9A-9BFF-4C159B7CA490}.AppStore|Mixed Platforms.Build.0 = Release|Any CPU
		{B95AC925-2192-4D9A-9BFF-4C159B7CA490}.AppStore|Mixed Platforms.Deploy.0 = Release|Any CPU
		{B95AC925-2192-4D9A-9BFF-4C159B7CA490}.Debug|Any CPU.ActiveCfg = Debug|Any CPU
		{B95AC925-2192-4D9A-9BFF-4C159B7CA490}.Debug|Any CPU.Build.0 = Debug|Any CPU
		{B95AC925-2192-4D9A-9BFF-4C159B7CA490}.Debug|Any CPU.Deploy.0 = Debug|Any CPU
		{B95AC925-2192-4D9A-9BFF-4C159B7CA490}.Debug|iPhone.ActiveCfg = Debug|Any CPU
		{B95AC925-2192-4D9A-9BFF-4C159B7CA490}.Debug|iPhoneSimulator.ActiveCfg = Debug|Any CPU
		{B95AC925-2192-4D9A-9BFF-4C159B7CA490}.Debug|Mixed Platforms.ActiveCfg = Debug|Any CPU
		{B95AC925-2192-4D9A-9BFF-4C159B7CA490}.Debug|Mixed Platforms.Build.0 = Debug|Any CPU
		{B95AC925-2192-4D9A-9BFF-4C159B7CA490}.Debug|Mixed Platforms.Deploy.0 = Debug|Any CPU
		{B95AC925-2192-4D9A-9BFF-4C159B7CA490}.Release|Any CPU.ActiveCfg = Release|Any CPU
		{B95AC925-2192-4D9A-9BFF-4C159B7CA490}.Release|Any CPU.Build.0 = Release|Any CPU
		{B95AC925-2192-4D9A-9BFF-4C159B7CA490}.Release|Any CPU.Deploy.0 = Release|Any CPU
		{B95AC925-2192-4D9A-9BFF-4C159B7CA490}.Release|iPhone.ActiveCfg = Release|Any CPU
		{B95AC925-2192-4D9A-9BFF-4C159B7CA490}.Release|iPhoneSimulator.ActiveCfg = Release|Any CPU
		{B95AC925-2192-4D9A-9BFF-4C159B7CA490}.Release|Mixed Platforms.ActiveCfg = Release|Any CPU
		{B95AC925-2192-4D9A-9BFF-4C159B7CA490}.Release|Mixed Platforms.Build.0 = Release|Any CPU
		{B95AC925-2192-4D9A-9BFF-4C159B7CA490}.Release|Mixed Platforms.Deploy.0 = Release|Any CPU
		{505DA4A5-BE69-4195-8F2C-2A7BFDB34721}.Ad-Hoc|Any CPU.ActiveCfg = Ad-Hoc|iPhone
		{505DA4A5-BE69-4195-8F2C-2A7BFDB34721}.Ad-Hoc|iPhone.ActiveCfg = Ad-Hoc|iPhone
		{505DA4A5-BE69-4195-8F2C-2A7BFDB34721}.Ad-Hoc|iPhone.Build.0 = Ad-Hoc|iPhone
		{505DA4A5-BE69-4195-8F2C-2A7BFDB34721}.Ad-Hoc|iPhoneSimulator.ActiveCfg = Ad-Hoc|iPhoneSimulator
		{505DA4A5-BE69-4195-8F2C-2A7BFDB34721}.Ad-Hoc|iPhoneSimulator.Build.0 = Ad-Hoc|iPhoneSimulator
		{505DA4A5-BE69-4195-8F2C-2A7BFDB34721}.Ad-Hoc|Mixed Platforms.ActiveCfg = Ad-Hoc|iPhone
		{505DA4A5-BE69-4195-8F2C-2A7BFDB34721}.Ad-Hoc|Mixed Platforms.Build.0 = Ad-Hoc|iPhone
		{505DA4A5-BE69-4195-8F2C-2A7BFDB34721}.AppStore|Any CPU.ActiveCfg = AppStore|iPhone
		{505DA4A5-BE69-4195-8F2C-2A7BFDB34721}.AppStore|iPhone.ActiveCfg = AppStore|iPhone
		{505DA4A5-BE69-4195-8F2C-2A7BFDB34721}.AppStore|iPhone.Build.0 = AppStore|iPhone
		{505DA4A5-BE69-4195-8F2C-2A7BFDB34721}.AppStore|iPhoneSimulator.ActiveCfg = AppStore|iPhoneSimulator
		{505DA4A5-BE69-4195-8F2C-2A7BFDB34721}.AppStore|iPhoneSimulator.Build.0 = AppStore|iPhoneSimulator
		{505DA4A5-BE69-4195-8F2C-2A7BFDB34721}.AppStore|Mixed Platforms.ActiveCfg = AppStore|iPhone
		{505DA4A5-BE69-4195-8F2C-2A7BFDB34721}.AppStore|Mixed Platforms.Build.0 = AppStore|iPhone
		{505DA4A5-BE69-4195-8F2C-2A7BFDB34721}.Debug|Any CPU.ActiveCfg = Debug|iPhone
		{505DA4A5-BE69-4195-8F2C-2A7BFDB34721}.Debug|iPhone.ActiveCfg = Debug|iPhone
		{505DA4A5-BE69-4195-8F2C-2A7BFDB34721}.Debug|iPhone.Build.0 = Debug|iPhone
		{505DA4A5-BE69-4195-8F2C-2A7BFDB34721}.Debug|iPhoneSimulator.ActiveCfg = Debug|iPhoneSimulator
		{505DA4A5-BE69-4195-8F2C-2A7BFDB34721}.Debug|iPhoneSimulator.Build.0 = Debug|iPhoneSimulator
		{505DA4A5-BE69-4195-8F2C-2A7BFDB34721}.Debug|Mixed Platforms.ActiveCfg = Debug|iPhone
		{505DA4A5-BE69-4195-8F2C-2A7BFDB34721}.Debug|Mixed Platforms.Build.0 = Debug|iPhone
		{505DA4A5-BE69-4195-8F2C-2A7BFDB34721}.Release|Any CPU.ActiveCfg = Release|iPhone
		{505DA4A5-BE69-4195-8F2C-2A7BFDB34721}.Release|iPhone.ActiveCfg = Release|iPhone
		{505DA4A5-BE69-4195-8F2C-2A7BFDB34721}.Release|iPhone.Build.0 = Release|iPhone
		{505DA4A5-BE69-4195-8F2C-2A7BFDB34721}.Release|iPhoneSimulator.ActiveCfg = Release|iPhoneSimulator
		{505DA4A5-BE69-4195-8F2C-2A7BFDB34721}.Release|iPhoneSimulator.Build.0 = Release|iPhoneSimulator
		{505DA4A5-BE69-4195-8F2C-2A7BFDB34721}.Release|Mixed Platforms.ActiveCfg = Release|iPhone
		{505DA4A5-BE69-4195-8F2C-2A7BFDB34721}.Release|Mixed Platforms.Build.0 = Release|iPhone
	EndGlobalSection
	GlobalSection(SolutionProperties) = preSolution
		HideSolutionNode = FALSE
	EndGlobalSection
EndGlobal
